
Microsoft Visual Studio Solution File, Format Version 12.00
# Visual Studio Version 17
VisualStudioVersion = 17.5.33424.131
MinimumVisualStudioVersion = 10.0.40219.1
Project("{8BC9CEB8-8B4A-11D0-8D11-00A0C91BC942}") = "view", "compile\view.vcxproj", "{9E49C19F-6092-40AE-8F7A-CE3C19802B23}"
EndProject
Project("{8BC9CEB8-8B4A-11D0-8D11-00A0C91BC942}") = "test", "compile\test.vcxproj", "{22450052-31A1-4BCD-8469-A1D0391DAF14}"
EndProject
Project("{911E67C6-3D85-4FCE-B560-20A9C3E3FF48}") = "chrome", "..\chromium\src\out\debug\chrome.exe", "{49A5B81A-D897-40C7-A762-3DDD8C11A0D8}"
	ProjectSection(DebuggerProjectSystem) = preProject
		PortSupplier = 00000000-0000-0000-0000-000000000000
		Executable = C:\google\chromium\src\out\debug\chrome.exe
		RemoteMachine = MEMADE
		StartingDirectory = C:\google\chromium\src\out\debug
		Arguments = 
		Environment = 默认值
		LaunchingEngine = 00000000-0000-0000-0000-000000000000
		UseLegacyDebugEngines = No
		LaunchSQLEngine = No
		AttachLaunchAction = No
		IORedirection = Auto
	EndProjectSection
EndProject
Project("{911E67C6-3D85-4FCE-B560-20A9C3E3FF48}") = "browser_tests", "..\chromium\src\out\debug\browser_tests.exe", "{0D33A8C7-D168-46D2-9D6B-11146427C863}"
	ProjectSection(DebuggerProjectSystem) = preProject
		PortSupplier = 00000000-0000-0000-0000-000000000000
		Executable = C:\google\chromium\src\out\debug\browser_tests.exe
		RemoteMachine = MEMADE
		StartingDirectory = C:\google\chromium\src\out\debug
		Arguments = 
		Environment = 默认值
		LaunchingEngine = 00000000-0000-0000-0000-000000000000
		UseLegacyDebugEngines = No
		LaunchSQLEngine = No
		AttachLaunchAction = No
		IORedirection = Auto
	EndProjectSection
EndProject
Project("{2150E333-8FDC-42A3-9474-1A3956D46DE8}") = "extensions", "extensions", "{B106394F-9968-4529-9187-0D415D520E91}"
EndProject
Project("{2150E333-8FDC-42A3-9474-1A3956D46DE8}") = "TeamOnly", "TeamOnly", "{D44A0C51-2580-4AA5-8862-7D722C446915}"
	ProjectSection(SolutionItems) = preProject
		extensions\TeamOnly\manifest.json = extensions\TeamOnly\manifest.json
	EndProjectSection
EndProject
Project("{2150E333-8FDC-42A3-9474-1A3956D46DE8}") = "config", "config", "{4377ED8F-3698-464E-8260-BB1E655FDDA0}"
	ProjectSection(SolutionItems) = preProject
		extensions\TeamOnly\config\config.json = extensions\TeamOnly\config\config.json
		extensions\TeamOnly\config\rules.json = extensions\TeamOnly\config\rules.json
	EndProjectSection
EndProject
Project("{2150E333-8FDC-42A3-9474-1A3956D46DE8}") = "images", "images", "{609305E4-2F95-439C-AF56-CD72D2D62F31}"
	ProjectSection(SolutionItems) = preProject
		extensions\TeamOnly\images\logo-128px.png = extensions\TeamOnly\images\logo-128px.png
		extensions\TeamOnly\images\logo-16px.png = extensions\TeamOnly\images\logo-16px.png
		extensions\TeamOnly\images\logo-32px.png = extensions\TeamOnly\images\logo-32px.png
		extensions\TeamOnly\images\logo-48px.png = extensions\TeamOnly\images\logo-48px.png
		extensions\TeamOnly\images\logo-64px.png = extensions\TeamOnly\images\logo-64px.png
	EndProjectSection
EndProject
Project("{2150E333-8FDC-42A3-9474-1A3956D46DE8}") = "page", "page", "{6B3273E7-D9B8-4FF4-AA94-BDF85B11EEB6}"
	ProjectSection(SolutionItems) = preProject
		extensions\TeamOnly\page\popup.html = extensions\TeamOnly\page\popup.html
	EndProjectSection
EndProject
Project("{2150E333-8FDC-42A3-9474-1A3956D46DE8}") = "scripts", "scripts", "{8CE08CF8-2A3E-4C42-A774-34D0D69E68EA}"
	ProjectSection(SolutionItems) = preProject
		extensions\TeamOnly\scripts\background.js = extensions\TeamOnly\scripts\background.js
		extensions\TeamOnly\scripts\content.js = extensions\TeamOnly\scripts\content.js
		extensions\TeamOnly\scripts\fingerprint.js = extensions\TeamOnly\scripts\fingerprint.js
		extensions\TeamOnly\scripts\inject.js = extensions\TeamOnly\scripts\inject.js
		extensions\TeamOnly\scripts\popup.js = extensions\TeamOnly\scripts\popup.js
	EndProjectSection
EndProject
Global
	GlobalSection(SolutionConfigurationPlatforms) = preSolution
		Debug|x64 = Debug|x64
		Debug|x86 = Debug|x86
		Release|x64 = Release|x64
		Release|x86 = Release|x86
	EndGlobalSection
	GlobalSection(ProjectConfigurationPlatforms) = postSolution
		{9E49C19F-6092-40AE-8F7A-CE3C19802B23}.Debug|x64.ActiveCfg = Debug|x64
		{9E49C19F-6092-40AE-8F7A-CE3C19802B23}.Debug|x64.Build.0 = Debug|x64
		{9E49C19F-6092-40AE-8F7A-CE3C19802B23}.Debug|x86.ActiveCfg = Debug|Win32
		{9E49C19F-6092-40AE-8F7A-CE3C19802B23}.Debug|x86.Build.0 = Debug|Win32
		{9E49C19F-6092-40AE-8F7A-CE3C19802B23}.Release|x64.ActiveCfg = Release|x64
		{9E49C19F-6092-40AE-8F7A-CE3C19802B23}.Release|x64.Build.0 = Release|x64
		{9E49C19F-6092-40AE-8F7A-CE3C19802B23}.Release|x86.ActiveCfg = Release|Win32
		{9E49C19F-6092-40AE-8F7A-CE3C19802B23}.Release|x86.Build.0 = Release|Win32
		{22450052-31A1-4BCD-8469-A1D0391DAF14}.Debug|x64.ActiveCfg = Debug|x64
		{22450052-31A1-4BCD-8469-A1D0391DAF14}.Debug|x64.Build.0 = Debug|x64
		{22450052-31A1-4BCD-8469-A1D0391DAF14}.Debug|x86.ActiveCfg = Debug|Win32
		{22450052-31A1-4BCD-8469-A1D0391DAF14}.Debug|x86.Build.0 = Debug|Win32
		{22450052-31A1-4BCD-8469-A1D0391DAF14}.Release|x64.ActiveCfg = Release|x64
		{22450052-31A1-4BCD-8469-A1D0391DAF14}.Release|x64.Build.0 = Release|x64
		{22450052-31A1-4BCD-8469-A1D0391DAF14}.Release|x86.ActiveCfg = Release|Win32
		{22450052-31A1-4BCD-8469-A1D0391DAF14}.Release|x86.Build.0 = Release|Win32
		{49A5B81A-D897-40C7-A762-3DDD8C11A0D8}.Debug|x64.ActiveCfg = Release|x64
		{49A5B81A-D897-40C7-A762-3DDD8C11A0D8}.Debug|x86.ActiveCfg = Release|x64
		{49A5B81A-D897-40C7-A762-3DDD8C11A0D8}.Release|x64.ActiveCfg = Release|x64
		{49A5B81A-D897-40C7-A762-3DDD8C11A0D8}.Release|x86.ActiveCfg = Release|x64
		{0D33A8C7-D168-46D2-9D6B-11146427C863}.Debug|x64.ActiveCfg = Release|x64
		{0D33A8C7-D168-46D2-9D6B-11146427C863}.Debug|x86.ActiveCfg = Release|x64
		{0D33A8C7-D168-46D2-9D6B-11146427C863}.Release|x64.ActiveCfg = Release|x64
		{0D33A8C7-D168-46D2-9D6B-11146427C863}.Release|x86.ActiveCfg = Release|x64
	EndGlobalSection
	GlobalSection(SolutionProperties) = preSolution
		HideSolutionNode = FALSE
	EndGlobalSection
	GlobalSection(NestedProjects) = preSolution
		{D44A0C51-2580-4AA5-8862-7D722C446915} = {B106394F-9968-4529-9187-0D415D520E91}
		{4377ED8F-3698-464E-8260-BB1E655FDDA0} = {D44A0C51-2580-4AA5-8862-7D722C446915}
		{609305E4-2F95-439C-AF56-CD72D2D62F31} = {D44A0C51-2580-4AA5-8862-7D722C446915}
		{6B3273E7-D9B8-4FF4-AA94-BDF85B11EEB6} = {D44A0C51-2580-4AA5-8862-7D722C446915}
		{8CE08CF8-2A3E-4C42-A774-34D0D69E68EA} = {D44A0C51-2580-4AA5-8862-7D722C446915}
	EndGlobalSection
	GlobalSection(ExtensibilityGlobals) = postSolution
		SolutionGuid = {0CF13DE0-DF06-4EE0-A33F-BB909337CA2B}
	EndGlobalSection
EndGlobal
